
Microsoft Visual Studio Solution File, Format Version 12.00
# Visual Studio Version 16
VisualStudioVersion = 16.0.30011.22
MinimumVisualStudioVersion = 10.0.40219.1
Project("{9A19103F-16F7-4668-BE54-9A1E7A4F7556}") = "FusianValid.Avalonia", "FusianValid.Avalonia\FusianValid.Avalonia.csproj", "{D53DFDC3-DB8F-4EFB-B41E-5CD91EB70F90}"
EndProject
Project("{9A19103F-16F7-4668-BE54-9A1E7A4F7556}") = "FusianValid", "FusianValid\FusianValid.csproj", "{7D5F1BC2-9D85-465F-9ACE-21454657DDE2}"
EndProject
Project("{9A19103F-16F7-4668-BE54-9A1E7A4F7556}") = "FusianValid.Wpf", "FusianValid.Wpf\FusianValid.Wpf.csproj", "{4E0ED0C2-C65B-4EA2-B8F2-678A2133D5DD}"
EndProject
Project("{FAE04EC0-301F-11D3-BF4B-00C04F79EFBC}") = "FusianValid.WpfDemo", "FusianValid.WpfDemo\FusianValid.WpfDemo.csproj", "{467D6F10-2F71-4E2E-B7DE-5EBDB889B71F}"
EndProject
Global
	GlobalSection(SolutionConfigurationPlatforms) = preSolution
		Debug|Any CPU = Debug|Any CPU
		Release|Any CPU = Release|Any CPU
	EndGlobalSection
	GlobalSection(ProjectConfigurationPlatforms) = postSolution
		{D53DFDC3-DB8F-4EFB-B41E-5CD91EB70F90}.Debug|Any CPU.ActiveCfg = Debug|Any CPU
		{D53DFDC3-DB8F-4EFB-B41E-5CD91EB70F90}.Debug|Any CPU.Build.0 = Debug|Any CPU
		{D53DFDC3-DB8F-4EFB-B41E-5CD91EB70F90}.Release|Any CPU.ActiveCfg = Release|Any CPU
		{D53DFDC3-DB8F-4EFB-B41E-5CD91EB70F90}.Release|Any CPU.Build.0 = Release|Any CPU
		{7D5F1BC2-9D85-465F-9ACE-21454657DDE2}.Debug|Any CPU.ActiveCfg = Debug|Any CPU
		{7D5F1BC2-9D85-465F-9ACE-21454657DDE2}.Debug|Any CPU.Build.0 = Debug|Any CPU
		{7D5F1BC2-9D85-465F-9ACE-21454657DDE2}.Release|Any CPU.ActiveCfg = Release|Any CPU
		{7D5F1BC2-9D85-465F-9ACE-21454657DDE2}.Release|Any CPU.Build.0 = Release|Any CPU
		{4E0ED0C2-C65B-4EA2-B8F2-678A2133D5DD}.Debug|Any CPU.ActiveCfg = Debug|Any CPU
		{4E0ED0C2-C65B-4EA2-B8F2-678A2133D5DD}.Debug|Any CPU.Build.0 = Debug|Any CPU
		{4E0ED0C2-C65B-4EA2-B8F2-678A2133D5DD}.Release|Any CPU.ActiveCfg = Release|Any CPU
		{4E0ED0C2-C65B-4EA2-B8F2-678A2133D5DD}.Release|Any CPU.Build.0 = Release|Any CPU
		{467D6F10-2F71-4E2E-B7DE-5EBDB889B71F}.Debug|Any CPU.ActiveCfg = Debug|Any CPU
		{467D6F10-2F71-4E2E-B7DE-5EBDB889B71F}.Debug|Any CPU.Build.0 = Debug|Any CPU
		{467D6F10-2F71-4E2E-B7DE-5EBDB889B71F}.Release|Any CPU.ActiveCfg = Release|Any CPU
		{467D6F10-2F71-4E2E-B7DE-5EBDB889B71F}.Release|Any CPU.Build.0 = Release|Any CPU
	EndGlobalSection
	GlobalSection(SolutionProperties) = preSolution
		HideSolutionNode = FALSE
	EndGlobalSection
	GlobalSection(ExtensibilityGlobals) = postSolution
		SolutionGuid = {4F2EF8B5-85EA-44B3-914C-B3F9756A5747}
	EndGlobalSection
EndGlobal
